
Microsoft Visual Studio Solution File, Format Version 12.00
# Visual Studio Version 17
VisualStudioVersion = 17.5.33530.505
MinimumVisualStudioVersion = 10.0.40219.1
Project("{9A19103F-16F7-4668-BE54-9A1E7A4F7556}") = "banking_system", "banking system\banking_system.csproj", "{60D9DFDF-3D39-4DC4-93EF-D8566AECBACF}"
EndProject
Project("{2150E333-8FDC-42A3-9474-1A3956D46DE8}") = "Solution Items", "Solution Items", "{C6BB8722-07F9-47C9-9958-0FF54CC6F066}"
	ProjectSection(SolutionItems) = preProject
		ViewAccount.cs = ViewAccount.cs
	EndProjectSection
EndProject
Global
	GlobalSection(SolutionConfigurationPlatforms) = preSolution
		Debug|Any CPU = Debug|Any CPU
		Release|Any CPU = Release|Any CPU
	EndGlobalSection
	GlobalSection(ProjectConfigurationPlatforms) = postSolution
		{60D9DFDF-3D39-4DC4-93EF-D8566AECBACF}.Debug|Any CPU.ActiveCfg = Debug|Any CPU
		{60D9DFDF-3D39-4DC4-93EF-D8566AECBACF}.Debug|Any CPU.Build.0 = Debug|Any CPU
		{60D9DFDF-3D39-4DC4-93EF-D8566AECBACF}.Release|Any CPU.ActiveCfg = Release|Any CPU
		{60D9DFDF-3D39-4DC4-93EF-D8566AECBACF}.Release|Any CPU.Build.0 = Release|Any CPU
	EndGlobalSection
	GlobalSection(SolutionProperties) = preSolution
		HideSolutionNode = FALSE
	EndGlobalSection
	GlobalSection(ExtensibilityGlobals) = postSolution
		SolutionGuid = {DE312168-5689-4AA6-9128-269842397600}
	EndGlobalSection
EndGlobal
